
Microsoft Visual Studio Solution File, Format Version 12.00
# Visual Studio Version 17
VisualStudioVersion = 17.6.33829.357
MinimumVisualStudioVersion = 10.0.40219.1
Project("{2150E333-8FDC-42A3-9474-1A3956D46DE8}") = "src", "src", "{7DDB0654-F319-4745-828E-EC0A51AEFF9A}"
EndProject
Project("{9A19103F-16F7-4668-BE54-9A1E7A4F7556}") = "Demo.IdentityServer.Web", "src\Demo.IdentityServer.Web\Demo.IdentityServer.Web.csproj", "{66096BAE-22B8-42E3-9D81-EB0B8D72AE34}"
EndProject
Project("{54A90642-561A-4BB1-A94E-469ADEE60C69}") = "demo.react.oidc.app", "src\demo.react.oidc.app\demo.react.oidc.app.esproj", "{035067F5-46F4-41E3-8376-F66D4AE19709}"
EndProject
Global
	GlobalSection(SolutionConfigurationPlatforms) = preSolution
		Debug|Any CPU = Debug|Any CPU
		Release|Any CPU = Release|Any CPU
	EndGlobalSection
	GlobalSection(ProjectConfigurationPlatforms) = postSolution
		{66096BAE-22B8-42E3-9D81-EB0B8D72AE34}.Debug|Any CPU.ActiveCfg = Debug|Any CPU
		{66096BAE-22B8-42E3-9D81-EB0B8D72AE34}.Debug|Any CPU.Build.0 = Debug|Any CPU
		{66096BAE-22B8-42E3-9D81-EB0B8D72AE34}.Release|Any CPU.ActiveCfg = Release|Any CPU
		{66096BAE-22B8-42E3-9D81-EB0B8D72AE34}.Release|Any CPU.Build.0 = Release|Any CPU
		{035067F5-46F4-41E3-8376-F66D4AE19709}.Debug|Any CPU.ActiveCfg = Debug|Any CPU
		{035067F5-46F4-41E3-8376-F66D4AE19709}.Debug|Any CPU.Build.0 = Debug|Any CPU
		{035067F5-46F4-41E3-8376-F66D4AE19709}.Debug|Any CPU.Deploy.0 = Debug|Any CPU
		{035067F5-46F4-41E3-8376-F66D4AE19709}.Release|Any CPU.ActiveCfg = Release|Any CPU
		{035067F5-46F4-41E3-8376-F66D4AE19709}.Release|Any CPU.Build.0 = Release|Any CPU
		{035067F5-46F4-41E3-8376-F66D4AE19709}.Release|Any CPU.Deploy.0 = Release|Any CPU
	EndGlobalSection
	GlobalSection(SolutionProperties) = preSolution
		HideSolutionNode = FALSE
	EndGlobalSection
	GlobalSection(NestedProjects) = preSolution
		{66096BAE-22B8-42E3-9D81-EB0B8D72AE34} = {7DDB0654-F319-4745-828E-EC0A51AEFF9A}
		{035067F5-46F4-41E3-8376-F66D4AE19709} = {7DDB0654-F319-4745-828E-EC0A51AEFF9A}
	EndGlobalSection
	GlobalSection(ExtensibilityGlobals) = postSolution
		SolutionGuid = {86796EE9-079F-49A6-A8AB-61743F3B0EB3}
	EndGlobalSection
EndGlobal
